
Microsoft Visual Studio Solution File, Format Version 12.00
# Visual Studio Version 16
VisualStudioVersion = 16.0.31729.503
MinimumVisualStudioVersion = 10.0.40219.1
Project("{FAE04EC0-301F-11D3-BF4B-00C04F79EFBC}") = "Form1", "Form1.csproj", "{341259C0-DAB5-4780-99C9-553CABA16762}"
EndProject
Global
	GlobalSection(SolutionConfigurationPlatforms) = preSolution
		Debug|Any CPU = Debug|Any CPU
		Release|Any CPU = Release|Any CPU
	EndGlobalSection
	GlobalSection(ProjectConfigurationPlatforms) = postSolution
		{341259C0-DAB5-4780-99C9-553CABA16762}.Debug|Any CPU.ActiveCfg = Debug|Any CPU
		{341259C0-DAB5-4780-99C9-553CABA16762}.Debug|Any CPU.Build.0 = Debug|Any CPU
		{341259C0-DAB5-4780-99C9-553CABA16762}.Release|Any CPU.ActiveCfg = Release|Any CPU
		{341259C0-DAB5-4780-99C9-553CABA16762}.Release|Any CPU.Build.0 = Release|Any CPU
	EndGlobalSection
	GlobalSection(SolutionProperties) = preSolution
		HideSolutionNode = FALSE
	EndGlobalSection
	GlobalSection(ExtensibilityGlobals) = postSolution
		SolutionGuid = {6281D1F3-812D-4DD1-8878-5B9979EA752C}
	EndGlobalSection
EndGlobal
